
Microsoft Visual Studio Solution File, Format Version 12.00
# Visual Studio 15
VisualStudioVersion = 15.0.25302.0
MinimumVisualStudioVersion = 10.0.40219.1
Project("{2150E333-8FDC-42A3-9474-1A3956D46DE8}") = "src", "src", "{430853C9-CEEB-42FF-9F50-28FECF61322A}"
EndProject
Project("{2150E333-8FDC-42A3-9474-1A3956D46DE8}") = "Solution Items", "Solution Items", "{AB032B54-76F6-4BC4-AC6E-5542B41A64F2}"
	ProjectSection(SolutionItems) = preProject
		global.json = global.json
	EndProjectSection
EndProject
Project("{2150E333-8FDC-42A3-9474-1A3956D46DE8}") = "test", "test", "{143C3ED0-71D2-4E64-AA9F-B370CD157288}"
EndProject
Project("{8BB2217D-0F2D-49D1-97BC-3654ED321F3B}") = "yocto", "src\yocto\yocto.xproj", "{9CC27EBA-DE73-418B-8ABA-597DAB11C97F}"
EndProject
Project("{FAE04EC0-301F-11D3-BF4B-00C04F79EFBC}") = "yocto.tests", "src\yocto.tests\yocto.tests.csproj", "{4E6ABDD1-46E8-478D-9B18-E7D6B0AE09D4}"
EndProject
Global
	GlobalSection(SolutionConfigurationPlatforms) = preSolution
		Debug|Any CPU = Debug|Any CPU
		Release|Any CPU = Release|Any CPU
	EndGlobalSection
	GlobalSection(ProjectConfigurationPlatforms) = postSolution
		{9CC27EBA-DE73-418B-8ABA-597DAB11C97F}.Debug|Any CPU.ActiveCfg = Debug|Any CPU
		{9CC27EBA-DE73-418B-8ABA-597DAB11C97F}.Debug|Any CPU.Build.0 = Debug|Any CPU
		{9CC27EBA-DE73-418B-8ABA-597DAB11C97F}.Release|Any CPU.ActiveCfg = Release|Any CPU
		{9CC27EBA-DE73-418B-8ABA-597DAB11C97F}.Release|Any CPU.Build.0 = Release|Any CPU
		{4E6ABDD1-46E8-478D-9B18-E7D6B0AE09D4}.Debug|Any CPU.ActiveCfg = Debug|Any CPU
		{4E6ABDD1-46E8-478D-9B18-E7D6B0AE09D4}.Debug|Any CPU.Build.0 = Debug|Any CPU
		{4E6ABDD1-46E8-478D-9B18-E7D6B0AE09D4}.Release|Any CPU.ActiveCfg = Release|Any CPU
		{4E6ABDD1-46E8-478D-9B18-E7D6B0AE09D4}.Release|Any CPU.Build.0 = Release|Any CPU
	EndGlobalSection
	GlobalSection(SolutionProperties) = preSolution
		HideSolutionNode = FALSE
	EndGlobalSection
	GlobalSection(NestedProjects) = preSolution
		{9CC27EBA-DE73-418B-8ABA-597DAB11C97F} = {430853C9-CEEB-42FF-9F50-28FECF61322A}
		{4E6ABDD1-46E8-478D-9B18-E7D6B0AE09D4} = {143C3ED0-71D2-4E64-AA9F-B370CD157288}
	EndGlobalSection
EndGlobal
